
Microsoft Visual Studio Solution File, Format Version 12.00
# Visual Studio Version 17
VisualStudioVersion = 17.7.34202.233
MinimumVisualStudioVersion = 10.0.40219.1
Project("{9A19103F-16F7-4668-BE54-9A1E7A4F7556}") = "MordorConsole", "MordorConsole\MordorConsole.csproj", "{2C49D3AF-CF1F-4392-8D88-8B50564BFF79}"
EndProject
Project("{9A19103F-16F7-4668-BE54-9A1E7A4F7556}") = "MordorEditor", "MordorEditor\MordorEditor.csproj", "{1815EEC3-AF89-49DD-ABCC-9474E4BC330E}"
EndProject
Project("{9A19103F-16F7-4668-BE54-9A1E7A4F7556}") = "MordorCore.Models", "MordorCore.Models\MordorCore.Models.csproj", "{FC07EB25-F567-46D0-8474-7ED2456786DA}"
EndProject
Project("{9A19103F-16F7-4668-BE54-9A1E7A4F7556}") = "MordorCore.DAL", "MordorCore.DAL\MordorCore.DAL.csproj", "{4BA70B3E-2DEB-40D0-A8F0-8833AD2B4023}"
EndProject
Global
	GlobalSection(SolutionConfigurationPlatforms) = preSolution
		Debug|Any CPU = Debug|Any CPU
		Release|Any CPU = Release|Any CPU
	EndGlobalSection
	GlobalSection(ProjectConfigurationPlatforms) = postSolution
		{2C49D3AF-CF1F-4392-8D88-8B50564BFF79}.Debug|Any CPU.ActiveCfg = Debug|Any CPU
		{2C49D3AF-CF1F-4392-8D88-8B50564BFF79}.Debug|Any CPU.Build.0 = Debug|Any CPU
		{2C49D3AF-CF1F-4392-8D88-8B50564BFF79}.Release|Any CPU.ActiveCfg = Release|Any CPU
		{2C49D3AF-CF1F-4392-8D88-8B50564BFF79}.Release|Any CPU.Build.0 = Release|Any CPU
		{1815EEC3-AF89-49DD-ABCC-9474E4BC330E}.Debug|Any CPU.ActiveCfg = Debug|Any CPU
		{1815EEC3-AF89-49DD-ABCC-9474E4BC330E}.Debug|Any CPU.Build.0 = Debug|Any CPU
		{1815EEC3-AF89-49DD-ABCC-9474E4BC330E}.Release|Any CPU.ActiveCfg = Release|Any CPU
		{1815EEC3-AF89-49DD-ABCC-9474E4BC330E}.Release|Any CPU.Build.0 = Release|Any CPU
		{FC07EB25-F567-46D0-8474-7ED2456786DA}.Debug|Any CPU.ActiveCfg = Debug|Any CPU
		{FC07EB25-F567-46D0-8474-7ED2456786DA}.Debug|Any CPU.Build.0 = Debug|Any CPU
		{FC07EB25-F567-46D0-8474-7ED2456786DA}.Release|Any CPU.ActiveCfg = Release|Any CPU
		{FC07EB25-F567-46D0-8474-7ED2456786DA}.Release|Any CPU.Build.0 = Release|Any CPU
		{4BA70B3E-2DEB-40D0-A8F0-8833AD2B4023}.Debug|Any CPU.ActiveCfg = Debug|Any CPU
		{4BA70B3E-2DEB-40D0-A8F0-8833AD2B4023}.Debug|Any CPU.Build.0 = Debug|Any CPU
		{4BA70B3E-2DEB-40D0-A8F0-8833AD2B4023}.Release|Any CPU.ActiveCfg = Release|Any CPU
		{4BA70B3E-2DEB-40D0-A8F0-8833AD2B4023}.Release|Any CPU.Build.0 = Release|Any CPU
	EndGlobalSection
	GlobalSection(SolutionProperties) = preSolution
		HideSolutionNode = FALSE
	EndGlobalSection
	GlobalSection(ExtensibilityGlobals) = postSolution
		SolutionGuid = {7849E451-A450-4C2E-B487-998D1983D501}
	EndGlobalSection
EndGlobal
